
Microsoft Visual Studio Solution File, Format Version 12.00
# Visual Studio 15
VisualStudioVersion = 15.0.27130.2027
MinimumVisualStudioVersion = 10.0.40219.1
Project("{FAE04EC0-301F-11D3-BF4B-00C04F79EFBC}") = "eDnevnik.API", "eDnevnik.API\eDnevnik.API.csproj", "{10BB2BE8-A5A7-4BDA-96A1-02F511B9C551}"
EndProject
Project("{FAE04EC0-301F-11D3-BF4B-00C04F79EFBC}") = "eDnevnik.UI", "eDnevnik.UI\eDnevnik.UI.csproj", "{4191DB1D-A39B-45CE-B915-095750E11EDB}"
EndProject
Project("{D954291E-2A0B-460D-934E-DC6B0785DB48}") = "eDnevnik.MOBILE", "eDnevnik.MOBILE\eDnevnik.MOBILE\eDnevnik.MOBILE.shproj", "{B7294884-8E5A-4F41-9A35-0BCBD5E61B9A}"
EndProject
Project("{FAE04EC0-301F-11D3-BF4B-00C04F79EFBC}") = "eDnevnik.MOBILE.Android", "eDnevnik.MOBILE\eDnevnik.MOBILE.Android\eDnevnik.MOBILE.Android.csproj", "{CE7D6364-3A05-4846-BF41-3353F28F9C7B}"
EndProject
Project("{FAE04EC0-301F-11D3-BF4B-00C04F79EFBC}") = "eDnevnik.MOBILE.UWP", "eDnevnik.MOBILE\eDnevnik.MOBILE.UWP\eDnevnik.MOBILE.UWP.csproj", "{DC5B270C-7D46-4033-9421-E54D6885C75A}"
EndProject
Project("{FAE04EC0-301F-11D3-BF4B-00C04F79EFBC}") = "eDnevnik.PCL", "eDnevnik.PCL\eDnevnik.PCL.csproj", "{447C1769-517D-46D3-89E7-C03AD0E277AE}"
EndProject
Global
	GlobalSection(SharedMSBuildProjectFiles) = preSolution
		eDnevnik.MOBILE\eDnevnik.MOBILE\eDnevnik.MOBILE.projitems*{b7294884-8e5a-4f41-9a35-0bcbd5e61b9a}*SharedItemsImports = 13
		eDnevnik.MOBILE\eDnevnik.MOBILE\eDnevnik.MOBILE.projitems*{ce7d6364-3a05-4846-bf41-3353f28f9c7b}*SharedItemsImports = 4
		eDnevnik.MOBILE\eDnevnik.MOBILE\eDnevnik.MOBILE.projitems*{dc5b270c-7d46-4033-9421-e54d6885c75a}*SharedItemsImports = 4
	EndGlobalSection
	GlobalSection(SolutionConfigurationPlatforms) = preSolution
		Ad-Hoc|Any CPU = Ad-Hoc|Any CPU
		Ad-Hoc|ARM = Ad-Hoc|ARM
		Ad-Hoc|iPhone = Ad-Hoc|iPhone
		Ad-Hoc|iPhoneSimulator = Ad-Hoc|iPhoneSimulator
		Ad-Hoc|x64 = Ad-Hoc|x64
		Ad-Hoc|x86 = Ad-Hoc|x86
		AppStore|Any CPU = AppStore|Any CPU
		AppStore|ARM = AppStore|ARM
		AppStore|iPhone = AppStore|iPhone
		AppStore|iPhoneSimulator = AppStore|iPhoneSimulator
		AppStore|x64 = AppStore|x64
		AppStore|x86 = AppStore|x86
		Debug|Any CPU = Debug|Any CPU
		Debug|ARM = Debug|ARM
		Debug|iPhone = Debug|iPhone
		Debug|iPhoneSimulator = Debug|iPhoneSimulator
		Debug|x64 = Debug|x64
		Debug|x86 = Debug|x86
		Release|Any CPU = Release|Any CPU
		Release|ARM = Release|ARM
		Release|iPhone = Release|iPhone
		Release|iPhoneSimulator = Release|iPhoneSimulator
		Release|x64 = Release|x64
		Release|x86 = Release|x86
	EndGlobalSection
	GlobalSection(ProjectConfigurationPlatforms) = postSolution
		{10BB2BE8-A5A7-4BDA-96A1-02F511B9C551}.Ad-Hoc|Any CPU.ActiveCfg = Release|Any CPU
		{10BB2BE8-A5A7-4BDA-96A1-02F511B9C551}.Ad-Hoc|Any CPU.Build.0 = Release|Any CPU
		{10BB2BE8-A5A7-4BDA-96A1-02F511B9C551}.Ad-Hoc|ARM.ActiveCfg = Debug|Any CPU
		{10BB2BE8-A5A7-4BDA-96A1-02F511B9C551}.Ad-Hoc|ARM.Build.0 = Debug|Any CPU
		{10BB2BE8-A5A7-4BDA-96A1-02F511B9C551}.Ad-Hoc|iPhone.ActiveCfg = Release|Any CPU
		{10BB2BE8-A5A7-4BDA-96A1-02F511B9C551}.Ad-Hoc|iPhone.Build.0 = Release|Any CPU
		{10BB2BE8-A5A7-4BDA-96A1-02F511B9C551}.Ad-Hoc|iPhoneSimulator.ActiveCfg = Release|Any CPU
		{10BB2BE8-A5A7-4BDA-96A1-02F511B9C551}.Ad-Hoc|iPhoneSimulator.Build.0 = Release|Any CPU
		{10BB2BE8-A5A7-4BDA-96A1-02F511B9C551}.Ad-Hoc|x64.ActiveCfg = Debug|Any CPU
		{10BB2BE8-A5A7-4BDA-96A1-02F511B9C551}.Ad-Hoc|x64.Build.0 = Debug|Any CPU
		{10BB2BE8-A5A7-4BDA-96A1-02F511B9C551}.Ad-Hoc|x86.ActiveCfg = Debug|Any CPU
		{10BB2BE8-A5A7-4BDA-96A1-02F511B9C551}.Ad-Hoc|x86.Build.0 = Debug|Any CPU
		{10BB2BE8-A5A7-4BDA-96A1-02F511B9C551}.AppStore|Any CPU.ActiveCfg = Release|Any CPU
		{10BB2BE8-A5A7-4BDA-96A1-02F511B9C551}.AppStore|Any CPU.Build.0 = Release|Any CPU
		{10BB2BE8-A5A7-4BDA-96A1-02F511B9C551}.AppStore|ARM.ActiveCfg = Debug|Any CPU
		{10BB2BE8-A5A7-4BDA-96A1-02F511B9C551}.AppStore|ARM.Build.0 = Debug|Any CPU
		{10BB2BE8-A5A7-4BDA-96A1-02F511B9C551}.AppStore|iPhone.ActiveCfg = Release|Any CPU
		{10BB2BE8-A5A7-4BDA-96A1-02F511B9C551}.AppStore|iPhone.Build.0 = Release|Any CPU
		{10BB2BE8-A5A7-4BDA-96A1-02F511B9C551}.AppStore|iPhoneSimulator.ActiveCfg = Release|Any CPU
		{10BB2BE8-A5A7-4BDA-96A1-02F511B9C551}.AppStore|iPhoneSimulator.Build.0 = Release|Any CPU
		{10BB2BE8-A5A7-4BDA-96A1-02F511B9C551}.AppStore|x64.ActiveCfg = Debug|Any CPU
		{10BB2BE8-A5A7-4BDA-96A1-02F511B9C551}.AppStore|x64.Build.0 = Debug|Any CPU
		{10BB2BE8-A5A7-4BDA-96A1-02F511B9C551}.AppStore|x86.ActiveCfg = Debug|Any CPU
		{10BB2BE8-A5A7-4BDA-96A1-02F511B9C551}.AppStore|x86.Build.0 = Debug|Any CPU
		{10BB2BE8-A5A7-4BDA-96A1-02F511B9C551}.Debug|Any CPU.ActiveCfg = Debug|Any CPU
		{10BB2BE8-A5A7-4BDA-96A1-02F511B9C551}.Debug|Any CPU.Build.0 = Debug|Any CPU
		{10BB2BE8-A5A7-4BDA-96A1-02F511B9C551}.Debug|ARM.ActiveCfg = Debug|Any CPU
		{10BB2BE8-A5A7-4BDA-96A1-02F511B9C551}.Debug|ARM.Build.0 = Debug|Any CPU
		{10BB2BE8-A5A7-4BDA-96A1-02F511B9C551}.Debug|iPhone.ActiveCfg = Debug|Any CPU
		{10BB2BE8-A5A7-4BDA-96A1-02F511B9C551}.Debug|iPhone.Build.0 = Debug|Any CPU
		{10BB2BE8-A5A7-4BDA-96A1-02F511B9C551}.Debug|iPhoneSimulator.ActiveCfg = Debug|Any CPU
		{10BB2BE8-A5A7-4BDA-96A1-02F511B9C551}.Debug|iPhoneSimulator.Build.0 = Debug|Any CPU
		{10BB2BE8-A5A7-4BDA-96A1-02F511B9C551}.Debug|x64.ActiveCfg = Debug|Any CPU
		{10BB2BE8-A5A7-4BDA-96A1-02F511B9C551}.Debug|x64.Build.0 = Debug|Any CPU
		{10BB2BE8-A5A7-4BDA-96A1-02F511B9C551}.Debug|x86.ActiveCfg = Debug|Any CPU
		{10BB2BE8-A5A7-4BDA-96A1-02F511B9C551}.Debug|x86.Build.0 = Debug|Any CPU
		{10BB2BE8-A5A7-4BDA-96A1-02F511B9C551}.Release|Any CPU.ActiveCfg = Release|Any CPU
		{10BB2BE8-A5A7-4BDA-96A1-02F511B9C551}.Release|Any CPU.Build.0 = Release|Any CPU
		{10BB2BE8-A5A7-4BDA-96A1-02F511B9C551}.Release|ARM.ActiveCfg = Release|Any CPU
		{10BB2BE8-A5A7-4BDA-96A1-02F511B9C551}.Release|ARM.Build.0 = Release|Any CPU
		{10BB2BE8-A5A7-4BDA-96A1-02F511B9C551}.Release|iPhone.ActiveCfg = Release|Any CPU
		{10BB2BE8-A5A7-4BDA-96A1-02F511B9C551}.Release|iPhone.Build.0 = Release|Any CPU
		{10BB2BE8-A5A7-4BDA-96A1-02F511B9C551}.Release|iPhoneSimulator.ActiveCfg = Release|Any CPU
		{10BB2BE8-A5A7-4BDA-96A1-02F511B9C551}.Release|iPhoneSimulator.Build.0 = Release|Any CPU
		{10BB2BE8-A5A7-4BDA-96A1-02F511B9C551}.Release|x64.ActiveCfg = Release|Any CPU
		{10BB2BE8-A5A7-4BDA-96A1-02F511B9C551}.Release|x64.Build.0 = Release|Any CPU
		{10BB2BE8-A5A7-4BDA-96A1-02F511B9C551}.Release|x86.ActiveCfg = Release|Any CPU
		{10BB2BE8-A5A7-4BDA-96A1-02F511B9C551}.Release|x86.Build.0 = Release|Any CPU
		{4191DB1D-A39B-45CE-B915-095750E11EDB}.Ad-Hoc|Any CPU.ActiveCfg = Release|Any CPU
		{4191DB1D-A39B-45CE-B915-095750E11EDB}.Ad-Hoc|Any CPU.Build.0 = Release|Any CPU
		{4191DB1D-A39B-45CE-B915-095750E11EDB}.Ad-Hoc|ARM.ActiveCfg = Debug|Any CPU
		{4191DB1D-A39B-45CE-B915-095750E11EDB}.Ad-Hoc|ARM.Build.0 = Debug|Any CPU
		{4191DB1D-A39B-45CE-B915-095750E11EDB}.Ad-Hoc|iPhone.ActiveCfg = Release|Any CPU
		{4191DB1D-A39B-45CE-B915-095750E11EDB}.Ad-Hoc|iPhone.Build.0 = Release|Any CPU
		{4191DB1D-A39B-45CE-B915-095750E11EDB}.Ad-Hoc|iPhoneSimulator.ActiveCfg = Release|Any CPU
		{4191DB1D-A39B-45CE-B915-095750E11EDB}.Ad-Hoc|iPhoneSimulator.Build.0 = Release|Any CPU
		{4191DB1D-A39B-45CE-B915-095750E11EDB}.Ad-Hoc|x64.ActiveCfg = Debug|Any CPU
		{4191DB1D-A39B-45CE-B915-095750E11EDB}.Ad-Hoc|x64.Build.0 = Debug|Any CPU
		{4191DB1D-A39B-45CE-B915-095750E11EDB}.Ad-Hoc|x86.ActiveCfg = Debug|Any CPU
		{4191DB1D-A39B-45CE-B915-095750E11EDB}.Ad-Hoc|x86.Build.0 = Debug|Any CPU
		{4191DB1D-A39B-45CE-B915-095750E11EDB}.AppStore|Any CPU.ActiveCfg = Release|Any CPU
		{4191DB1D-A39B-45CE-B915-095750E11EDB}.AppStore|Any CPU.Build.0 = Release|Any CPU
		{4191DB1D-A39B-45CE-B915-095750E11EDB}.AppStore|ARM.ActiveCfg = Debug|Any CPU
		{4191DB1D-A39B-45CE-B915-095750E11EDB}.AppStore|ARM.Build.0 = Debug|Any CPU
		{4191DB1D-A39B-45CE-B915-095750E11EDB}.AppStore|iPhone.ActiveCfg = Release|Any CPU
		{4191DB1D-A39B-45CE-B915-095750E11EDB}.AppStore|iPhone.Build.0 = Release|Any CPU
		{4191DB1D-A39B-45CE-B915-095750E11EDB}.AppStore|iPhoneSimulator.ActiveCfg = Release|Any CPU
		{4191DB1D-A39B-45CE-B915-095750E11EDB}.AppStore|iPhoneSimulator.Build.0 = Release|Any CPU
		{4191DB1D-A39B-45CE-B915-095750E11EDB}.AppStore|x64.ActiveCfg = Debug|Any CPU
		{4191DB1D-A39B-45CE-B915-095750E11EDB}.AppStore|x64.Build.0 = Debug|Any CPU
		{4191DB1D-A39B-45CE-B915-095750E11EDB}.AppStore|x86.ActiveCfg = Debug|Any CPU
		{4191DB1D-A39B-45CE-B915-095750E11EDB}.AppStore|x86.Build.0 = Debug|Any CPU
		{4191DB1D-A39B-45CE-B915-095750E11EDB}.Debug|Any CPU.ActiveCfg = Debug|Any CPU
		{4191DB1D-A39B-45CE-B915-095750E11EDB}.Debug|Any CPU.Build.0 = Debug|Any CPU
		{4191DB1D-A39B-45CE-B915-095750E11EDB}.Debug|ARM.ActiveCfg = Debug|Any CPU
		{4191DB1D-A39B-45CE-B915-095750E11EDB}.Debug|ARM.Build.0 = Debug|Any CPU
		{4191DB1D-A39B-45CE-B915-095750E11EDB}.Debug|iPhone.ActiveCfg = Debug|Any CPU
		{4191DB1D-A39B-45CE-B915-095750E11EDB}.Debug|iPhone.Build.0 = Debug|Any CPU
		{4191DB1D-A39B-45CE-B915-095750E11EDB}.Debug|iPhoneSimulator.ActiveCfg = Debug|Any CPU
		{4191DB1D-A39B-45CE-B915-095750E11EDB}.Debug|iPhoneSimulator.Build.0 = Debug|Any CPU
		{4191DB1D-A39B-45CE-B915-095750E11EDB}.Debug|x64.ActiveCfg = Debug|Any CPU
		{4191DB1D-A39B-45CE-B915-095750E11EDB}.Debug|x64.Build.0 = Debug|Any CPU
		{4191DB1D-A39B-45CE-B915-095750E11EDB}.Debug|x86.ActiveCfg = Debug|Any CPU
		{4191DB1D-A39B-45CE-B915-095750E11EDB}.Debug|x86.Build.0 = Debug|Any CPU
		{4191DB1D-A39B-45CE-B915-095750E11EDB}.Release|Any CPU.ActiveCfg = Release|Any CPU
		{4191DB1D-A39B-45CE-B915-095750E11EDB}.Release|Any CPU.Build.0 = Release|Any CPU
		{4191DB1D-A39B-45CE-B915-095750E11EDB}.Release|ARM.ActiveCfg = Release|Any CPU
		{4191DB1D-A39B-45CE-B915-095750E11EDB}.Release|ARM.Build.0 = Release|Any CPU
		{4191DB1D-A39B-45CE-B915-095750E11EDB}.Release|iPhone.ActiveCfg = Release|Any CPU
		{4191DB1D-A39B-45CE-B915-095750E11EDB}.Release|iPhone.Build.0 = Release|Any CPU
		{4191DB1D-A39B-45CE-B915-095750E11EDB}.Release|iPhoneSimulator.ActiveCfg = Release|Any CPU
		{4191DB1D-A39B-45CE-B915-095750E11EDB}.Release|iPhoneSimulator.Build.0 = Release|Any CPU
		{4191DB1D-A39B-45CE-B915-095750E11EDB}.Release|x64.ActiveCfg = Release|Any CPU
		{4191DB1D-A39B-45CE-B915-095750E11EDB}.Release|x64.Build.0 = Release|Any CPU
		{4191DB1D-A39B-45CE-B915-095750E11EDB}.Release|x86.ActiveCfg = Release|Any CPU
		{4191DB1D-A39B-45CE-B915-095750E11EDB}.Release|x86.Build.0 = Release|Any CPU
		{CE7D6364-3A05-4846-BF41-3353F28F9C7B}.Ad-Hoc|Any CPU.ActiveCfg = Release|Any CPU
		{CE7D6364-3A05-4846-BF41-3353F28F9C7B}.Ad-Hoc|Any CPU.Build.0 = Release|Any CPU
		{CE7D6364-3A05-4846-BF41-3353F28F9C7B}.Ad-Hoc|Any CPU.Deploy.0 = Release|Any CPU
		{CE7D6364-3A05-4846-BF41-3353F28F9C7B}.Ad-Hoc|ARM.ActiveCfg = Release|Any CPU
		{CE7D6364-3A05-4846-BF41-3353F28F9C7B}.Ad-Hoc|ARM.Build.0 = Release|Any CPU
		{CE7D6364-3A05-4846-BF41-3353F28F9C7B}.Ad-Hoc|ARM.Deploy.0 = Release|Any CPU
		{CE7D6364-3A05-4846-BF41-3353F28F9C7B}.Ad-Hoc|iPhone.ActiveCfg = Release|Any CPU
		{CE7D6364-3A05-4846-BF41-3353F28F9C7B}.Ad-Hoc|iPhone.Build.0 = Release|Any CPU
		{CE7D6364-3A05-4846-BF41-3353F28F9C7B}.Ad-Hoc|iPhone.Deploy.0 = Release|Any CPU
		{CE7D6364-3A05-4846-BF41-3353F28F9C7B}.Ad-Hoc|iPhoneSimulator.ActiveCfg = Release|Any CPU
		{CE7D6364-3A05-4846-BF41-3353F28F9C7B}.Ad-Hoc|iPhoneSimulator.Build.0 = Release|Any CPU
		{CE7D6364-3A05-4846-BF41-3353F28F9C7B}.Ad-Hoc|iPhoneSimulator.Deploy.0 = Release|Any CPU
		{CE7D6364-3A05-4846-BF41-3353F28F9C7B}.Ad-Hoc|x64.ActiveCfg = Release|Any CPU
		{CE7D6364-3A05-4846-BF41-3353F28F9C7B}.Ad-Hoc|x64.Build.0 = Release|Any CPU
		{CE7D6364-3A05-4846-BF41-3353F28F9C7B}.Ad-Hoc|x64.Deploy.0 = Release|Any CPU
		{CE7D6364-3A05-4846-BF41-3353F28F9C7B}.Ad-Hoc|x86.ActiveCfg = Release|Any CPU
		{CE7D6364-3A05-4846-BF41-3353F28F9C7B}.Ad-Hoc|x86.Build.0 = Release|Any CPU
		{CE7D6364-3A05-4846-BF41-3353F28F9C7B}.Ad-Hoc|x86.Deploy.0 = Release|Any CPU
		{CE7D6364-3A05-4846-BF41-3353F28F9C7B}.AppStore|Any CPU.ActiveCfg = Release|Any CPU
		{CE7D6364-3A05-4846-BF41-3353F28F9C7B}.AppStore|Any CPU.Build.0 = Release|Any CPU
		{CE7D6364-3A05-4846-BF41-3353F28F9C7B}.AppStore|Any CPU.Deploy.0 = Release|Any CPU
		{CE7D6364-3A05-4846-BF41-3353F28F9C7B}.AppStore|ARM.ActiveCfg = Release|Any CPU
		{CE7D6364-3A05-4846-BF41-3353F28F9C7B}.AppStore|ARM.Build.0 = Release|Any CPU
		{CE7D6364-3A05-4846-BF41-3353F28F9C7B}.AppStore|ARM.Deploy.0 = Release|Any CPU
		{CE7D6364-3A05-4846-BF41-3353F28F9C7B}.AppStore|iPhone.ActiveCfg = Release|Any CPU
		{CE7D6364-3A05-4846-BF41-3353F28F9C7B}.AppStore|iPhone.Build.0 = Release|Any CPU
		{CE7D6364-3A05-4846-BF41-3353F28F9C7B}.AppStore|iPhone.Deploy.0 = Release|Any CPU
		{CE7D6364-3A05-4846-BF41-3353F28F9C7B}.AppStore|iPhoneSimulator.ActiveCfg = Release|Any CPU
		{CE7D6364-3A05-4846-BF41-3353F28F9C7B}.AppStore|iPhoneSimulator.Build.0 = Release|Any CPU
		{CE7D6364-3A05-4846-BF41-3353F28F9C7B}.AppStore|iPhoneSimulator.Deploy.0 = Release|Any CPU
		{CE7D6364-3A05-4846-BF41-3353F28F9C7B}.AppStore|x64.ActiveCfg = Release|Any CPU
		{CE7D6364-3A05-4846-BF41-3353F28F9C7B}.AppStore|x64.Build.0 = Release|Any CPU
		{CE7D6364-3A05-4846-BF41-3353F28F9C7B}.AppStore|x64.Deploy.0 = Release|Any CPU
		{CE7D6364-3A05-4846-BF41-3353F28F9C7B}.AppStore|x86.ActiveCfg = Release|Any CPU
		{CE7D6364-3A05-4846-BF41-3353F28F9C7B}.AppStore|x86.Build.0 = Release|Any CPU
		{CE7D6364-3A05-4846-BF41-3353F28F9C7B}.AppStore|x86.Deploy.0 = Release|Any CPU
		{CE7D6364-3A05-4846-BF41-3353F28F9C7B}.Debug|Any CPU.ActiveCfg = Debug|Any CPU
		{CE7D6364-3A05-4846-BF41-3353F28F9C7B}.Debug|Any CPU.Build.0 = Debug|Any CPU
		{CE7D6364-3A05-4846-BF41-3353F28F9C7B}.Debug|Any CPU.Deploy.0 = Debug|Any CPU
		{CE7D6364-3A05-4846-BF41-3353F28F9C7B}.Debug|ARM.ActiveCfg = Debug|Any CPU
		{CE7D6364-3A05-4846-BF41-3353F28F9C7B}.Debug|ARM.Build.0 = Debug|Any CPU
		{CE7D6364-3A05-4846-BF41-3353F28F9C7B}.Debug|ARM.Deploy.0 = Debug|Any CPU
		{CE7D6364-3A05-4846-BF41-3353F28F9C7B}.Debug|iPhone.ActiveCfg = Debug|Any CPU
		{CE7D6364-3A05-4846-BF41-3353F28F9C7B}.Debug|iPhone.Build.0 = Debug|Any CPU
		{CE7D6364-3A05-4846-BF41-3353F28F9C7B}.Debug|iPhone.Deploy.0 = Debug|Any CPU
		{CE7D6364-3A05-4846-BF41-3353F28F9C7B}.Debug|iPhoneSimulator.ActiveCfg = Debug|Any CPU
		{CE7D6364-3A05-4846-BF41-3353F28F9C7B}.Debug|iPhoneSimulator.Build.0 = Debug|Any CPU
		{CE7D6364-3A05-4846-BF41-3353F28F9C7B}.Debug|iPhoneSimulator.Deploy.0 = Debug|Any CPU
		{CE7D6364-3A05-4846-BF41-3353F28F9C7B}.Debug|x64.ActiveCfg = Debug|Any CPU
		{CE7D6364-3A05-4846-BF41-3353F28F9C7B}.Debug|x64.Build.0 = Debug|Any CPU
		{CE7D6364-3A05-4846-BF41-3353F28F9C7B}.Debug|x64.Deploy.0 = Debug|Any CPU
		{CE7D6364-3A05-4846-BF41-3353F28F9C7B}.Debug|x86.ActiveCfg = Debug|Any CPU
		{CE7D6364-3A05-4846-BF41-3353F28F9C7B}.Debug|x86.Build.0 = Debug|Any CPU
		{CE7D6364-3A05-4846-BF41-3353F28F9C7B}.Release|Any CPU.ActiveCfg = Release|Any CPU
		{CE7D6364-3A05-4846-BF41-3353F28F9C7B}.Release|Any CPU.Build.0 = Release|Any CPU
		{CE7D6364-3A05-4846-BF41-3353F28F9C7B}.Release|Any CPU.Deploy.0 = Release|Any CPU
		{CE7D6364-3A05-4846-BF41-3353F28F9C7B}.Release|ARM.ActiveCfg = Release|Any CPU
		{CE7D6364-3A05-4846-BF41-3353F28F9C7B}.Release|ARM.Build.0 = Release|Any CPU
		{CE7D6364-3A05-4846-BF41-3353F28F9C7B}.Release|ARM.Deploy.0 = Release|Any CPU
		{CE7D6364-3A05-4846-BF41-3353F28F9C7B}.Release|iPhone.ActiveCfg = Release|Any CPU
		{CE7D6364-3A05-4846-BF41-3353F28F9C7B}.Release|iPhone.Build.0 = Release|Any CPU
		{CE7D6364-3A05-4846-BF41-3353F28F9C7B}.Release|iPhone.Deploy.0 = Release|Any CPU
		{CE7D6364-3A05-4846-BF41-3353F28F9C7B}.Release|iPhoneSimulator.ActiveCfg = Release|Any CPU
		{CE7D6364-3A05-4846-BF41-3353F28F9C7B}.Release|iPhoneSimulator.Build.0 = Release|Any CPU
		{CE7D6364-3A05-4846-BF41-3353F28F9C7B}.Release|iPhoneSimulator.Deploy.0 = Release|Any CPU
		{CE7D6364-3A05-4846-BF41-3353F28F9C7B}.Release|x64.ActiveCfg = Release|Any CPU
		{CE7D6364-3A05-4846-BF41-3353F28F9C7B}.Release|x64.Build.0 = Release|Any CPU
		{CE7D6364-3A05-4846-BF41-3353F28F9C7B}.Release|x64.Deploy.0 = Release|Any CPU
		{CE7D6364-3A05-4846-BF41-3353F28F9C7B}.Release|x86.ActiveCfg = Release|Any CPU
		{CE7D6364-3A05-4846-BF41-3353F28F9C7B}.Release|x86.Build.0 = Release|Any CPU
		{CE7D6364-3A05-4846-BF41-3353F28F9C7B}.Release|x86.Deploy.0 = Release|Any CPU
		{DC5B270C-7D46-4033-9421-E54D6885C75A}.Ad-Hoc|Any CPU.ActiveCfg = Release|x86
		{DC5B270C-7D46-4033-9421-E54D6885C75A}.Ad-Hoc|Any CPU.Build.0 = Release|x86
		{DC5B270C-7D46-4033-9421-E54D6885C75A}.Ad-Hoc|Any CPU.Deploy.0 = Release|x86
		{DC5B270C-7D46-4033-9421-E54D6885C75A}.Ad-Hoc|ARM.ActiveCfg = Release|ARM
		{DC5B270C-7D46-4033-9421-E54D6885C75A}.Ad-Hoc|ARM.Build.0 = Release|ARM
		{DC5B270C-7D46-4033-9421-E54D6885C75A}.Ad-Hoc|ARM.Deploy.0 = Release|ARM
		{DC5B270C-7D46-4033-9421-E54D6885C75A}.Ad-Hoc|iPhone.ActiveCfg = Release|x86
		{DC5B270C-7D46-4033-9421-E54D6885C75A}.Ad-Hoc|iPhone.Build.0 = Release|x86
		{DC5B270C-7D46-4033-9421-E54D6885C75A}.Ad-Hoc|iPhone.Deploy.0 = Release|x86
		{DC5B270C-7D46-4033-9421-E54D6885C75A}.Ad-Hoc|iPhoneSimulator.ActiveCfg = Release|x86
		{DC5B270C-7D46-4033-9421-E54D6885C75A}.Ad-Hoc|iPhoneSimulator.Build.0 = Release|x86
		{DC5B270C-7D46-4033-9421-E54D6885C75A}.Ad-Hoc|iPhoneSimulator.Deploy.0 = Release|x86
		{DC5B270C-7D46-4033-9421-E54D6885C75A}.Ad-Hoc|x64.ActiveCfg = Release|x64
		{DC5B270C-7D46-4033-9421-E54D6885C75A}.Ad-Hoc|x64.Build.0 = Release|x64
		{DC5B270C-7D46-4033-9421-E54D6885C75A}.Ad-Hoc|x64.Deploy.0 = Release|x64
		{DC5B270C-7D46-4033-9421-E54D6885C75A}.Ad-Hoc|x86.ActiveCfg = Release|x86
		{DC5B270C-7D46-4033-9421-E54D6885C75A}.Ad-Hoc|x86.Build.0 = Release|x86
		{DC5B270C-7D46-4033-9421-E54D6885C75A}.Ad-Hoc|x86.Deploy.0 = Release|x86
		{DC5B270C-7D46-4033-9421-E54D6885C75A}.AppStore|Any CPU.ActiveCfg = Release|x86
		{DC5B270C-7D46-4033-9421-E54D6885C75A}.AppStore|Any CPU.Build.0 = Release|x86
		{DC5B270C-7D46-4033-9421-E54D6885C75A}.AppStore|Any CPU.Deploy.0 = Release|x86
		{DC5B270C-7D46-4033-9421-E54D6885C75A}.AppStore|ARM.ActiveCfg = Release|ARM
		{DC5B270C-7D46-4033-9421-E54D6885C75A}.AppStore|ARM.Build.0 = Release|ARM
		{DC5B270C-7D46-4033-9421-E54D6885C75A}.AppStore|ARM.Deploy.0 = Release|ARM
		{DC5B270C-7D46-4033-9421-E54D6885C75A}.AppStore|iPhone.ActiveCfg = Release|x86
		{DC5B270C-7D46-4033-9421-E54D6885C75A}.AppStore|iPhone.Build.0 = Release|x86
		{DC5B270C-7D46-4033-9421-E54D6885C75A}.AppStore|iPhone.Deploy.0 = Release|x86
		{DC5B270C-7D46-4033-9421-E54D6885C75A}.AppStore|iPhoneSimulator.ActiveCfg = Release|x86
		{DC5B270C-7D46-4033-9421-E54D6885C75A}.AppStore|iPhoneSimulator.Build.0 = Release|x86
		{DC5B270C-7D46-4033-9421-E54D6885C75A}.AppStore|iPhoneSimulator.Deploy.0 = Release|x86
		{DC5B270C-7D46-4033-9421-E54D6885C75A}.AppStore|x64.ActiveCfg = Release|x64
		{DC5B270C-7D46-4033-9421-E54D6885C75A}.AppStore|x64.Build.0 = Release|x64
		{DC5B270C-7D46-4033-9421-E54D6885C75A}.AppStore|x64.Deploy.0 = Release|x64
		{DC5B270C-7D46-4033-9421-E54D6885C75A}.AppStore|x86.ActiveCfg = Release|x86
		{DC5B270C-7D46-4033-9421-E54D6885C75A}.AppStore|x86.Build.0 = Release|x86
		{DC5B270C-7D46-4033-9421-E54D6885C75A}.AppStore|x86.Deploy.0 = Release|x86
		{DC5B270C-7D46-4033-9421-E54D6885C75A}.Debug|Any CPU.ActiveCfg = Debug|x86
		{DC5B270C-7D46-4033-9421-E54D6885C75A}.Debug|Any CPU.Deploy.0 = Debug|x86
		{DC5B270C-7D46-4033-9421-E54D6885C75A}.Debug|ARM.ActiveCfg = Debug|ARM
		{DC5B270C-7D46-4033-9421-E54D6885C75A}.Debug|ARM.Build.0 = Debug|ARM
		{DC5B270C-7D46-4033-9421-E54D6885C75A}.Debug|ARM.Deploy.0 = Debug|ARM
		{DC5B270C-7D46-4033-9421-E54D6885C75A}.Debug|iPhone.ActiveCfg = Debug|x86
		{DC5B270C-7D46-4033-9421-E54D6885C75A}.Debug|iPhoneSimulator.ActiveCfg = Debug|x86
		{DC5B270C-7D46-4033-9421-E54D6885C75A}.Debug|x64.ActiveCfg = Debug|x64
		{DC5B270C-7D46-4033-9421-E54D6885C75A}.Debug|x64.Build.0 = Debug|x64
		{DC5B270C-7D46-4033-9421-E54D6885C75A}.Debug|x64.Deploy.0 = Debug|x64
		{DC5B270C-7D46-4033-9421-E54D6885C75A}.Debug|x86.ActiveCfg = Debug|x64
		{DC5B270C-7D46-4033-9421-E54D6885C75A}.Debug|x86.Build.0 = Debug|x64
		{DC5B270C-7D46-4033-9421-E54D6885C75A}.Release|Any CPU.ActiveCfg = Release|x86
		{DC5B270C-7D46-4033-9421-E54D6885C75A}.Release|ARM.ActiveCfg = Release|ARM
		{DC5B270C-7D46-4033-9421-E54D6885C75A}.Release|ARM.Build.0 = Release|ARM
		{DC5B270C-7D46-4033-9421-E54D6885C75A}.Release|ARM.Deploy.0 = Release|ARM
		{DC5B270C-7D46-4033-9421-E54D6885C75A}.Release|iPhone.ActiveCfg = Release|x86
		{DC5B270C-7D46-4033-9421-E54D6885C75A}.Release|iPhoneSimulator.ActiveCfg = Release|x86
		{DC5B270C-7D46-4033-9421-E54D6885C75A}.Release|x64.ActiveCfg = Release|x64
		{DC5B270C-7D46-4033-9421-E54D6885C75A}.Release|x64.Build.0 = Release|x64
		{DC5B270C-7D46-4033-9421-E54D6885C75A}.Release|x64.Deploy.0 = Release|x64
		{DC5B270C-7D46-4033-9421-E54D6885C75A}.Release|x86.ActiveCfg = Release|x86
		{DC5B270C-7D46-4033-9421-E54D6885C75A}.Release|x86.Build.0 = Release|x86
		{DC5B270C-7D46-4033-9421-E54D6885C75A}.Release|x86.Deploy.0 = Release|x86
		{447C1769-517D-46D3-89E7-C03AD0E277AE}.Ad-Hoc|Any CPU.ActiveCfg = Release|Any CPU
		{447C1769-517D-46D3-89E7-C03AD0E277AE}.Ad-Hoc|Any CPU.Build.0 = Release|Any CPU
		{447C1769-517D-46D3-89E7-C03AD0E277AE}.Ad-Hoc|ARM.ActiveCfg = Release|Any CPU
		{447C1769-517D-46D3-89E7-C03AD0E277AE}.Ad-Hoc|ARM.Build.0 = Release|Any CPU
		{447C1769-517D-46D3-89E7-C03AD0E277AE}.Ad-Hoc|iPhone.ActiveCfg = Release|Any CPU
		{447C1769-517D-46D3-89E7-C03AD0E277AE}.Ad-Hoc|iPhone.Build.0 = Release|Any CPU
		{447C1769-517D-46D3-89E7-C03AD0E277AE}.Ad-Hoc|iPhoneSimulator.ActiveCfg = Release|Any CPU
		{447C1769-517D-46D3-89E7-C03AD0E277AE}.Ad-Hoc|iPhoneSimulator.Build.0 = Release|Any CPU
		{447C1769-517D-46D3-89E7-C03AD0E277AE}.Ad-Hoc|x64.ActiveCfg = Release|Any CPU
		{447C1769-517D-46D3-89E7-C03AD0E277AE}.Ad-Hoc|x64.Build.0 = Release|Any CPU
		{447C1769-517D-46D3-89E7-C03AD0E277AE}.Ad-Hoc|x86.ActiveCfg = Release|Any CPU
		{447C1769-517D-46D3-89E7-C03AD0E277AE}.Ad-Hoc|x86.Build.0 = Release|Any CPU
		{447C1769-517D-46D3-89E7-C03AD0E277AE}.AppStore|Any CPU.ActiveCfg = Release|Any CPU
		{447C1769-517D-46D3-89E7-C03AD0E277AE}.AppStore|Any CPU.Build.0 = Release|Any CPU
		{447C1769-517D-46D3-89E7-C03AD0E277AE}.AppStore|ARM.ActiveCfg = Release|Any CPU
		{447C1769-517D-46D3-89E7-C03AD0E277AE}.AppStore|ARM.Build.0 = Release|Any CPU
		{447C1769-517D-46D3-89E7-C03AD0E277AE}.AppStore|iPhone.ActiveCfg = Release|Any CPU
		{447C1769-517D-46D3-89E7-C03AD0E277AE}.AppStore|iPhone.Build.0 = Release|Any CPU
		{447C1769-517D-46D3-89E7-C03AD0E277AE}.AppStore|iPhoneSimulator.ActiveCfg = Release|Any CPU
		{447C1769-517D-46D3-89E7-C03AD0E277AE}.AppStore|iPhoneSimulator.Build.0 = Release|Any CPU
		{447C1769-517D-46D3-89E7-C03AD0E277AE}.AppStore|x64.ActiveCfg = Release|Any CPU
		{447C1769-517D-46D3-89E7-C03AD0E277AE}.AppStore|x64.Build.0 = Release|Any CPU
		{447C1769-517D-46D3-89E7-C03AD0E277AE}.AppStore|x86.ActiveCfg = Release|Any CPU
		{447C1769-517D-46D3-89E7-C03AD0E277AE}.AppStore|x86.Build.0 = Release|Any CPU
		{447C1769-517D-46D3-89E7-C03AD0E277AE}.Debug|Any CPU.ActiveCfg = Debug|Any CPU
		{447C1769-517D-46D3-89E7-C03AD0E277AE}.Debug|Any CPU.Build.0 = Debug|Any CPU
		{447C1769-517D-46D3-89E7-C03AD0E277AE}.Debug|ARM.ActiveCfg = Debug|Any CPU
		{447C1769-517D-46D3-89E7-C03AD0E277AE}.Debug|ARM.Build.0 = Debug|Any CPU
		{447C1769-517D-46D3-89E7-C03AD0E277AE}.Debug|iPhone.ActiveCfg = Debug|Any CPU
		{447C1769-517D-46D3-89E7-C03AD0E277AE}.Debug|iPhone.Build.0 = Debug|Any CPU
		{447C1769-517D-46D3-89E7-C03AD0E277AE}.Debug|iPhoneSimulator.ActiveCfg = Debug|Any CPU
		{447C1769-517D-46D3-89E7-C03AD0E277AE}.Debug|iPhoneSimulator.Build.0 = Debug|Any CPU
		{447C1769-517D-46D3-89E7-C03AD0E277AE}.Debug|x64.ActiveCfg = Debug|Any CPU
		{447C1769-517D-46D3-89E7-C03AD0E277AE}.Debug|x64.Build.0 = Debug|Any CPU
		{447C1769-517D-46D3-89E7-C03AD0E277AE}.Debug|x86.ActiveCfg = Debug|Any CPU
		{447C1769-517D-46D3-89E7-C03AD0E277AE}.Debug|x86.Build.0 = Debug|Any CPU
		{447C1769-517D-46D3-89E7-C03AD0E277AE}.Release|Any CPU.ActiveCfg = Release|Any CPU
		{447C1769-517D-46D3-89E7-C03AD0E277AE}.Release|Any CPU.Build.0 = Release|Any CPU
		{447C1769-517D-46D3-89E7-C03AD0E277AE}.Release|ARM.ActiveCfg = Release|Any CPU
		{447C1769-517D-46D3-89E7-C03AD0E277AE}.Release|ARM.Build.0 = Release|Any CPU
		{447C1769-517D-46D3-89E7-C03AD0E277AE}.Release|iPhone.ActiveCfg = Release|Any CPU
		{447C1769-517D-46D3-89E7-C03AD0E277AE}.Release|iPhone.Build.0 = Release|Any CPU
		{447C1769-517D-46D3-89E7-C03AD0E277AE}.Release|iPhoneSimulator.ActiveCfg = Release|Any CPU
		{447C1769-517D-46D3-89E7-C03AD0E277AE}.Release|iPhoneSimulator.Build.0 = Release|Any CPU
		{447C1769-517D-46D3-89E7-C03AD0E277AE}.Release|x64.ActiveCfg = Release|Any CPU
		{447C1769-517D-46D3-89E7-C03AD0E277AE}.Release|x64.Build.0 = Release|Any CPU
		{447C1769-517D-46D3-89E7-C03AD0E277AE}.Release|x86.ActiveCfg = Release|Any CPU
		{447C1769-517D-46D3-89E7-C03AD0E277AE}.Release|x86.Build.0 = Release|Any CPU
	EndGlobalSection
	GlobalSection(SolutionProperties) = preSolution
		HideSolutionNode = FALSE
	EndGlobalSection
	GlobalSection(ExtensibilityGlobals) = postSolution
		SolutionGuid = {72567E0B-A4B1-4EC6-8FF3-EE0D3571222B}
	EndGlobalSection
EndGlobal
